// !$*UTF8*$!
{
	archiveVersion = 1;
	classes = {
	};
	objectVersion = 46;
	objects = {

/* Begin PBXBuildFile section */
		28FEEC531ADAE26500136CCC /* main.m in Sources */ = {isa = PBXBuildFile; fileRef = 28FEEC521ADAE26500136CCC /* main.m */; };
		28FEEC5B1ADAE27600136CCC /* XYPoint.m in Sources */ = {isa = PBXBuildFile; fileRef = 28FEEC5A1ADAE27600136CCC /* XYPoint.m */; };
/* End PBXBuildFile section */

/* Begin PBXCopyFilesBuildPhase section */
		28FEEC4D1ADAE26500136CCC /* CopyFiles */ = {
			isa = PBXCopyFilesBuildPhase;
			buildActionMask = 2147483647;
			dstPath = /usr/share/man/man1/;
			dstSubfolderSpec = 0;
			files = (
			);
			runOnlyForDeploymentPostprocessing = 1;
		};
/* End PBXCopyFilesBuildPhase section */

/* Begin PBXFileReference section */
		28FEEC4F1ADAE26500136CCC /* XYPoint */ = {isa = PBXFileReference; explicitFileType = "compiled.mach-o.executable"; includeInIndex = 0; path = XYPoint; sourceTree = BUILT_PRODUCTS_DIR; };
		28FEEC521ADAE26500136CCC /* main.m */ = {isa = PBXFileReference; lastKnownFileType = sourcecode.c.objc; path = main.m; sourceTree = "<group>"; };
		28FEEC591ADAE27600136CCC /* XYPoint.h */ = {isa = PBXFileReference; fileEncoding = 4; lastKnownFileType = sourcecode.c.h; path = XYPoint.h; sourceTree = SOURCE_ROOT; };
		28FEEC5A1ADAE27600136CCC /* XYPoint.m */ = {isa = PBXFileReference; fileEncoding = 4; lastKnownFileType = sourcecode.c.objc; path = XYPoint.m; sourceTree = SOURCE_ROOT; };
/* End PBXFileReference section */

/* Begin PBXFrameworksBuildPhase section */
		28FEEC4C1ADAE26500136CCC /* Frameworks */ = {
			isa = PBXFrameworksBuildPhase;
			buildActionMask = 2147483647;
			files = (
			);
			runOnlyForDeploymentPostprocessing = 0;
		};
/* End PBXFrameworksBuildPhase section */

/* Begin PBXGroup section */
		28FEEC461ADAE26500136CCC = {
			isa = PBXGroup;
			children = (
				28FEEC511ADAE26500136CCC /* XYPoint */,
				28FEEC501ADAE26500136CCC /* Products */,
			);
			sourceTree = "<group>";
		};
		28FEEC501ADAE26500136CCC /* Products */ = {
			isa = PBXGroup;
			children = (
				28FEEC4F1ADAE26500136CCC /* XYPoint */,
			);
			name = Products;
			sourceTree = "<group>";
		};
		28FEEC511ADAE26500136CCC /* XYPoint */ = {
			isa = PBXGroup;
			children = (
				28FEEC591ADAE27600136CCC /* XYPoint.h */,
				28FEEC5A1ADAE27600136CCC /* XYPoint.m */,
				28FEEC521ADAE26500136CCC /* main.m */,
			);
			path = XYPoint;
			sourceTree = "<group>";
		};
/* End PBXGroup section */

/* Begin PBXNativeTarget section */
		28FEEC4E1ADAE26500136CCC /* XYPoint */ = {
			isa = PBXNativeTarget;
			buildConfigurationList = 28FEEC561ADAE26500136CCC /* Build configuration list for PBXNativeTarget "XYPoint" */;
			buildPhases = (
				28FEEC4B1ADAE26500136CCC /* Sources */,
				28FEEC4C1ADAE26500136CCC /* Frameworks */,
				28FEEC4D1ADAE26500136CCC /* CopyFiles */,
			);
			buildRules = (
			);
			dependencies = (
			);
			name = XYPoint;
			productName = XYPoint;
			productReference = 28FEEC4F1ADAE26500136CCC /* XYPoint */;
			productType = "com.apple.product-type.tool";
		};
/* End PBXNativeTarget section */

/* Begin PBXProject section */
		28FEEC471ADAE26500136CCC /* Project object */ = {
			isa = PBXProject;
			attributes = {
				LastUpgradeCheck = 0620;
				ORGANIZATIONNAME = "Catherine Reyto";
				TargetAttributes = {
					28FEEC4E1ADAE26500136CCC = {
						CreatedOnToolsVersion = 6.2;
					};
				};
			};
			buildConfigurationList = 28FEEC4A1ADAE26500136CCC /* Build configuration list for PBXProject "XYPoint" */;
			compatibilityVersion = "Xcode 3.2";
			developmentRegion = English;
			hasScannedForEncodings = 0;
			knownRegions = (
				en,
			);
			mainGroup = 28FEEC461ADAE26500136CCC;
			productRefGroup = 28FEEC501ADAE26500136CCC /* Products */;
			projectDirPath = "";
			projectRoot = "";
			targets = (
				28FEEC4E1ADAE26500136CCC /* XYPoint */,
			);
		};
/* End PBXProject section */

/* Begin PBXSourcesBuildPhase section */
		28FEEC4B1ADAE26500136CCC /* Sources */ = {
			isa = PBXSourcesBuildPhase;
			buildActionMask = 2147483647;
			files = (
				28FEEC531ADAE26500136CCC /* main.m in Sources */,
				28FEEC5B1ADAE27600136CCC /* XYPoint.m in Sources */,
			);
			runOnlyForDeploymentPostprocessing = 0;
		};
/* End PBXSourcesBuildPhase section */

/* Begin XCBuildConfiguration section */
		28FEEC541ADAE26500136CCC /* Debug */ = {
			isa = XCBuildConfiguration;
			buildSettings = {
				ALWAYS_SEARCH_USER_PATHS = NO;
				CLANG_CXX_LANGUAGE_STANDARD = "gnu++0x";
				CLANG_CXX_LIBRARY = "libc++";
				CLANG_ENABLE_MODULES = YES;
				CLANG_ENABLE_OBJC_ARC = YES;
				CLANG_WARN_BOOL_CONVERSION = YES;
				CLANG_WARN_CONSTANT_CONVERSION = YES;
				CLANG_WARN_DIRECT_OBJC_ISA_USAGE = YES_ERROR;
				CLANG_WARN_EMPTY_BODY = YES;
				CLANG_WARN_ENUM_CONVERSION = YES;
				CLANG_WARN_INT_CONVERSION = YES;
				CLANG_WARN_OBJC_ROOT_CLASS = YES_ERROR;
				CLANG_WARN_UNREACHABLE_CODE = YES;
				CLANG_WARN__DUPLICATE_METHOD_MATCH = YES;
				COPY_PHASE_STRIP = NO;
				ENABLE_STRICT_OBJC_MSGSEND = YES;
				GCC_C_LANGUAGE_STANDARD = gnu99;
				GCC_DYNAMIC_NO_PIC = NO;
				GCC_OPTIMIZATION_LEVEL = 0;
				GCC_PREPROCESSOR_DEFINITIONS = (
					"DEBUG=1",
					"$(inherited)",
				);
				GCC_SYMBOLS_PRIVATE_EXTERN = NO;
				GCC_WARN_64_TO_32_BIT_CONVERSION = YES;
				GCC_WARN_ABOUT_RETURN_TYPE = YES_ERROR;
				GCC_WARN_UNDECLARED_SELECTOR = YES;
				GCC_WARN_UNINITIALIZED_AUTOS = YES_AGGRESSIVE;
				GCC_WARN_UNUSED_FUNCTION = YES;
				GCC_WARN_UNUSED_VARIABLE = YES;
				MACOSX_DEPLOYMENT_TARGET = 10.10;
				MTL_ENABLE_DEBUG_INFO = YES;
				ONLY_ACTIVE_ARCH = YES;
				SDKROOT = macosx;
			};
			name = Debug;
		};
		28FEEC551ADAE26500136CCC /* Release */ = {
			isa = XCBuildConfiguration;
			buildSettings = {
				ALWAYS_SEARCH_USER_PATHS = NO;
				CLANG_CXX_LANGUAGE_STANDARD = "gnu++0x";
				CLANG_CXX_LIBRARY = "libc++";
				CLANG_ENABLE_MODULES = YES;
				CLANG_ENABLE_OBJC_ARC = YES;
				CLANG_WARN_BOOL_CONVERSION = YES;
				CLANG_WARN_CONSTANT_CONVERSION = YES;
				CLANG_WARN_DIRECT_OBJC_ISA_USAGE = YES_ERROR;
				CLANG_WARN_EMPTY_BODY = YES;
				CLANG_WARN_ENUM_CONVERSION = YES;
				CLANG_WARN_INT_CONVERSION = YES;
				CLANG_WARN_OBJC_ROOT_CLASS = YES_ERROR;
				CLANG_WARN_UNREACHABLE_CODE = YES;
				CLANG_WARN__DUPLICATE_METHOD_MATCH = YES;
				COPY_PHASE_STRIP = NO;
				DEBUG_INFORMATION_FORMAT = "dwarf-with-dsym";
				ENABLE_NS_ASSERTIONS = NO;
				ENABLE_STRICT_OBJC_MSGSEND = YES;
				GCC_C_LANGUAGE_STANDARD = gnu99;
				GCC_WARN_64_TO_32_BIT_CONVERSION = YES;
				GCC_WARN_ABOUT_RETURN_TYPE = YES_ERROR;
				GCC_WARN_UNDECLARED_SELECTOR = YES;
				GCC_WARN_UNINITIALIZED_AUTOS = YES_AGGRESSIVE;
				GCC_WARN_UNUSED_FUNCTION = YES;
				GCC_WARN_UNUSED_VARIABLE = YES;
				MACOSX_DEPLOYMENT_TARGET = 10.10;
				MTL_ENABLE_DEBUG_INFO = NO;
				SDKROOT = macosx;
			};
			name = Release;
		};
		28FEEC571ADAE26500136CCC /* Debug */ = {
			isa = XCBuildConfiguration;
			buildSettings = {
				PRODUCT_NAME = "$(TARGET_NAME)";
			};
			name = Debug;
		};
		28FEEC581ADAE26500136CCC /* Release */ = {
			isa = XCBuildConfiguration;
			buildSettings = {
				PRODUCT_NAME = "$(TARGET_NAME)";
			};
			name = Release;
		};
/* End XCBuildConfiguration section */

/* Begin XCConfigurationList section */
		28FEEC4A1ADAE26500136CCC /* Build configuration list for PBXProject "XYPoint" */ = {
			isa = XCConfigurationList;
			buildConfigurations = (
				28FEEC541ADAE26500136CCC /* Debug */,
				28FEEC551ADAE26500136CCC /* Release */,
			);
			defaultConfigurationIsVisible = 0;
			defaultConfigurationName = Release;
		};
		28FEEC561ADAE26500136CCC /* Build configuration list for PBXNativeTarget "XYPoint" */ = {
			isa = XCConfigurationList;
			buildConfigurations = (
				28FEEC571ADAE26500136CCC /* Debug */,
				28FEEC581ADAE26500136CCC /* Release */,
			);
			defaultConfigurationIsVisible = 0;
		};
/* End XCConfigurationList section */
	};
	rootObject = 28FEEC471ADAE26500136CCC /* Project object */;
}
