// !$*UTF8*$!
{
	archiveVersion = 1;
	classes = {
	};
	objectVersion = 46;
	objects = {

/* Begin PBXBuildFile section */
		28FEEC3D1ADADFFE00136CCC /* main.m in Sources */ = {isa = PBXBuildFile; fileRef = 28FEEC3C1ADADFFE00136CCC /* main.m */; };
		28FEEC451ADAE01A00136CCC /* bike.m in Sources */ = {isa = PBXBuildFile; fileRef = 28FEEC441ADAE01A00136CCC /* bike.m */; };
/* End PBXBuildFile section */

/* Begin PBXCopyFilesBuildPhase section */
		28FEEC371ADADFFE00136CCC /* CopyFiles */ = {
			isa = PBXCopyFilesBuildPhase;
			buildActionMask = 2147483647;
			dstPath = /usr/share/man/man1/;
			dstSubfolderSpec = 0;
			files = (
			);
			runOnlyForDeploymentPostprocessing = 1;
		};
/* End PBXCopyFilesBuildPhase section */

/* Begin PBXFileReference section */
		28FEEC391ADADFFE00136CCC /* bike */ = {isa = PBXFileReference; explicitFileType = "compiled.mach-o.executable"; includeInIndex = 0; path = bike; sourceTree = BUILT_PRODUCTS_DIR; };
		28FEEC3C1ADADFFE00136CCC /* main.m */ = {isa = PBXFileReference; lastKnownFileType = sourcecode.c.objc; path = main.m; sourceTree = "<group>"; };
		28FEEC431ADAE01A00136CCC /* bike.h */ = {isa = PBXFileReference; fileEncoding = 4; lastKnownFileType = sourcecode.c.h; path = bike.h; sourceTree = "<group>"; };
		28FEEC441ADAE01A00136CCC /* bike.m */ = {isa = PBXFileReference; fileEncoding = 4; lastKnownFileType = sourcecode.c.objc; path = bike.m; sourceTree = "<group>"; };
/* End PBXFileReference section */

/* Begin PBXFrameworksBuildPhase section */
		28FEEC361ADADFFE00136CCC /* Frameworks */ = {
			isa = PBXFrameworksBuildPhase;
			buildActionMask = 2147483647;
			files = (
			);
			runOnlyForDeploymentPostprocessing = 0;
		};
/* End PBXFrameworksBuildPhase section */

/* Begin PBXGroup section */
		28FEEC301ADADFFE00136CCC = {
			isa = PBXGroup;
			children = (
				28FEEC431ADAE01A00136CCC /* bike.h */,
				28FEEC441ADAE01A00136CCC /* bike.m */,
				28FEEC3B1ADADFFE00136CCC /* bike */,
				28FEEC3A1ADADFFE00136CCC /* Products */,
			);
			sourceTree = "<group>";
		};
		28FEEC3A1ADADFFE00136CCC /* Products */ = {
			isa = PBXGroup;
			children = (
				28FEEC391ADADFFE00136CCC /* bike */,
			);
			name = Products;
			sourceTree = "<group>";
		};
		28FEEC3B1ADADFFE00136CCC /* bike */ = {
			isa = PBXGroup;
			children = (
				28FEEC3C1ADADFFE00136CCC /* main.m */,
			);
			path = bike;
			sourceTree = "<group>";
		};
/* End PBXGroup section */

/* Begin PBXNativeTarget section */
		28FEEC381ADADFFE00136CCC /* bike */ = {
			isa = PBXNativeTarget;
			buildConfigurationList = 28FEEC401ADADFFE00136CCC /* Build configuration list for PBXNativeTarget "bike" */;
			buildPhases = (
				28FEEC351ADADFFE00136CCC /* Sources */,
				28FEEC361ADADFFE00136CCC /* Frameworks */,
				28FEEC371ADADFFE00136CCC /* CopyFiles */,
			);
			buildRules = (
			);
			dependencies = (
			);
			name = bike;
			productName = bike;
			productReference = 28FEEC391ADADFFE00136CCC /* bike */;
			productType = "com.apple.product-type.tool";
		};
/* End PBXNativeTarget section */

/* Begin PBXProject section */
		28FEEC311ADADFFE00136CCC /* Project object */ = {
			isa = PBXProject;
			attributes = {
				LastUpgradeCheck = 0620;
				ORGANIZATIONNAME = "Catherine Reyto";
				TargetAttributes = {
					28FEEC381ADADFFE00136CCC = {
						CreatedOnToolsVersion = 6.2;
					};
				};
			};
			buildConfigurationList = 28FEEC341ADADFFE00136CCC /* Build configuration list for PBXProject "bike" */;
			compatibilityVersion = "Xcode 3.2";
			developmentRegion = English;
			hasScannedForEncodings = 0;
			knownRegions = (
				en,
			);
			mainGroup = 28FEEC301ADADFFE00136CCC;
			productRefGroup = 28FEEC3A1ADADFFE00136CCC /* Products */;
			projectDirPath = "";
			projectRoot = "";
			targets = (
				28FEEC381ADADFFE00136CCC /* bike */,
			);
		};
/* End PBXProject section */

/* Begin PBXSourcesBuildPhase section */
		28FEEC351ADADFFE00136CCC /* Sources */ = {
			isa = PBXSourcesBuildPhase;
			buildActionMask = 2147483647;
			files = (
				28FEEC451ADAE01A00136CCC /* bike.m in Sources */,
				28FEEC3D1ADADFFE00136CCC /* main.m in Sources */,
			);
			runOnlyForDeploymentPostprocessing = 0;
		};
/* End PBXSourcesBuildPhase section */

/* Begin XCBuildConfiguration section */
		28FEEC3E1ADADFFE00136CCC /* Debug */ = {
			isa = XCBuildConfiguration;
			buildSettings = {
				ALWAYS_SEARCH_USER_PATHS = NO;
				CLANG_CXX_LANGUAGE_STANDARD = "gnu++0x";
				CLANG_CXX_LIBRARY = "libc++";
				CLANG_ENABLE_MODULES = YES;
				CLANG_ENABLE_OBJC_ARC = YES;
				CLANG_WARN_BOOL_CONVERSION = YES;
				CLANG_WARN_CONSTANT_CONVERSION = YES;
				CLANG_WARN_DIRECT_OBJC_ISA_USAGE = YES_ERROR;
				CLANG_WARN_EMPTY_BODY = YES;
				CLANG_WARN_ENUM_CONVERSION = YES;
				CLANG_WARN_INT_CONVERSION = YES;
				CLANG_WARN_OBJC_ROOT_CLASS = YES_ERROR;
				CLANG_WARN_UNREACHABLE_CODE = YES;
				CLANG_WARN__DUPLICATE_METHOD_MATCH = YES;
				COPY_PHASE_STRIP = NO;
				ENABLE_STRICT_OBJC_MSGSEND = YES;
				GCC_C_LANGUAGE_STANDARD = gnu99;
				GCC_DYNAMIC_NO_PIC = NO;
				GCC_OPTIMIZATION_LEVEL = 0;
				GCC_PREPROCESSOR_DEFINITIONS = (
					"DEBUG=1",
					"$(inherited)",
				);
				GCC_SYMBOLS_PRIVATE_EXTERN = NO;
				GCC_WARN_64_TO_32_BIT_CONVERSION = YES;
				GCC_WARN_ABOUT_RETURN_TYPE = YES_ERROR;
				GCC_WARN_UNDECLARED_SELECTOR = YES;
				GCC_WARN_UNINITIALIZED_AUTOS = YES_AGGRESSIVE;
				GCC_WARN_UNUSED_FUNCTION = YES;
				GCC_WARN_UNUSED_VARIABLE = YES;
				MACOSX_DEPLOYMENT_TARGET = 10.10;
				MTL_ENABLE_DEBUG_INFO = YES;
				ONLY_ACTIVE_ARCH = YES;
				SDKROOT = macosx;
			};
			name = Debug;
		};
		28FEEC3F1ADADFFE00136CCC /* Release */ = {
			isa = XCBuildConfiguration;
			buildSettings = {
				ALWAYS_SEARCH_USER_PATHS = NO;
				CLANG_CXX_LANGUAGE_STANDARD = "gnu++0x";
				CLANG_CXX_LIBRARY = "libc++";
				CLANG_ENABLE_MODULES = YES;
				CLANG_ENABLE_OBJC_ARC = YES;
				CLANG_WARN_BOOL_CONVERSION = YES;
				CLANG_WARN_CONSTANT_CONVERSION = YES;
				CLANG_WARN_DIRECT_OBJC_ISA_USAGE = YES_ERROR;
				CLANG_WARN_EMPTY_BODY = YES;
				CLANG_WARN_ENUM_CONVERSION = YES;
				CLANG_WARN_INT_CONVERSION = YES;
				CLANG_WARN_OBJC_ROOT_CLASS = YES_ERROR;
				CLANG_WARN_UNREACHABLE_CODE = YES;
				CLANG_WARN__DUPLICATE_METHOD_MATCH = YES;
				COPY_PHASE_STRIP = NO;
				DEBUG_INFORMATION_FORMAT = "dwarf-with-dsym";
				ENABLE_NS_ASSERTIONS = NO;
				ENABLE_STRICT_OBJC_MSGSEND = YES;
				GCC_C_LANGUAGE_STANDARD = gnu99;
				GCC_WARN_64_TO_32_BIT_CONVERSION = YES;
				GCC_WARN_ABOUT_RETURN_TYPE = YES_ERROR;
				GCC_WARN_UNDECLARED_SELECTOR = YES;
				GCC_WARN_UNINITIALIZED_AUTOS = YES_AGGRESSIVE;
				GCC_WARN_UNUSED_FUNCTION = YES;
				GCC_WARN_UNUSED_VARIABLE = YES;
				MACOSX_DEPLOYMENT_TARGET = 10.10;
				MTL_ENABLE_DEBUG_INFO = NO;
				SDKROOT = macosx;
			};
			name = Release;
		};
		28FEEC411ADADFFE00136CCC /* Debug */ = {
			isa = XCBuildConfiguration;
			buildSettings = {
				PRODUCT_NAME = "$(TARGET_NAME)";
			};
			name = Debug;
		};
		28FEEC421ADADFFE00136CCC /* Release */ = {
			isa = XCBuildConfiguration;
			buildSettings = {
				PRODUCT_NAME = "$(TARGET_NAME)";
			};
			name = Release;
		};
/* End XCBuildConfiguration section */

/* Begin XCConfigurationList section */
		28FEEC341ADADFFE00136CCC /* Build configuration list for PBXProject "bike" */ = {
			isa = XCConfigurationList;
			buildConfigurations = (
				28FEEC3E1ADADFFE00136CCC /* Debug */,
				28FEEC3F1ADADFFE00136CCC /* Release */,
			);
			defaultConfigurationIsVisible = 0;
			defaultConfigurationName = Release;
		};
		28FEEC401ADADFFE00136CCC /* Build configuration list for PBXNativeTarget "bike" */ = {
			isa = XCConfigurationList;
			buildConfigurations = (
				28FEEC411ADADFFE00136CCC /* Debug */,
				28FEEC421ADADFFE00136CCC /* Release */,
			);
			defaultConfigurationIsVisible = 0;
		};
/* End XCConfigurationList section */
	};
	rootObject = 28FEEC311ADADFFE00136CCC /* Project object */;
}
